
Microsoft Visual Studio Solution File, Format Version 12.00
# Visual Studio Version 16
VisualStudioVersion = 16.0.29102.190
MinimumVisualStudioVersion = 10.0.40219.1
Project("{FAE04EC0-301F-11D3-BF4B-00C04F79EFBC}") = "Space_Game_Main", "Space_Game_Main\Space_Game_Main.csproj", "{DFACD804-AD61-4C1D-ABDA-F714E26E795E}"
EndProject
Project("{9A19103F-16F7-4668-BE54-9A1E7A4F7556}") = "ClassLibrary", "ClassLibrary\ClassLibrary.csproj", "{20429872-074E-4A4D-A16C-D0CDC6496FDF}"
EndProject
Project("{FAE04EC0-301F-11D3-BF4B-00C04F79EFBC}") = "SpaceGameTest", "SpaceGameTest\SpaceGameTest.csproj", "{78440FFD-D137-46B0-A216-3C485AF15CE7}"
EndProject
Global
	GlobalSection(SolutionConfigurationPlatforms) = preSolution
		Debug|Any CPU = Debug|Any CPU
		Release|Any CPU = Release|Any CPU
	EndGlobalSection
	GlobalSection(ProjectConfigurationPlatforms) = postSolution
		{DFACD804-AD61-4C1D-ABDA-F714E26E795E}.Debug|Any CPU.ActiveCfg = Debug|Any CPU
		{DFACD804-AD61-4C1D-ABDA-F714E26E795E}.Debug|Any CPU.Build.0 = Debug|Any CPU
		{DFACD804-AD61-4C1D-ABDA-F714E26E795E}.Release|Any CPU.ActiveCfg = Release|Any CPU
		{DFACD804-AD61-4C1D-ABDA-F714E26E795E}.Release|Any CPU.Build.0 = Release|Any CPU
		{20429872-074E-4A4D-A16C-D0CDC6496FDF}.Debug|Any CPU.ActiveCfg = Debug|Any CPU
		{20429872-074E-4A4D-A16C-D0CDC6496FDF}.Debug|Any CPU.Build.0 = Debug|Any CPU
		{20429872-074E-4A4D-A16C-D0CDC6496FDF}.Release|Any CPU.ActiveCfg = Release|Any CPU
		{20429872-074E-4A4D-A16C-D0CDC6496FDF}.Release|Any CPU.Build.0 = Release|Any CPU
		{78440FFD-D137-46B0-A216-3C485AF15CE7}.Debug|Any CPU.ActiveCfg = Debug|Any CPU
		{78440FFD-D137-46B0-A216-3C485AF15CE7}.Debug|Any CPU.Build.0 = Debug|Any CPU
		{78440FFD-D137-46B0-A216-3C485AF15CE7}.Release|Any CPU.ActiveCfg = Release|Any CPU
		{78440FFD-D137-46B0-A216-3C485AF15CE7}.Release|Any CPU.Build.0 = Release|Any CPU
	EndGlobalSection
	GlobalSection(SolutionProperties) = preSolution
		HideSolutionNode = FALSE
	EndGlobalSection
	GlobalSection(ExtensibilityGlobals) = postSolution
		SolutionGuid = {5F1B58BE-BF82-4E0E-8CE6-8E24983B853D}
	EndGlobalSection
EndGlobal
